// !$*UTF8*$!
{
	archiveVersion = 1;
	classes = {
	};
	objectVersion = 46;
	objects = {

/* Begin PBXBuildFile section */
		FC2678881A58AEE5000A7938 /* DeviceView.m in Sources */ = {isa = PBXBuildFile; fileRef = FC2678871A58AEE5000A7938 /* DeviceView.m */; };
		FC432EFE1A5654AF00A39908 /* m232_hardware in Resources */ = {isa = PBXBuildFile; fileRef = FC432EFB1A5654AF00A39908 /* m232_hardware */; };
		FC432F021A5654FD00A39908 /* m232_hardware_with_lights in Resources */ = {isa = PBXBuildFile; fileRef = FC432F011A5654FD00A39908 /* m232_hardware_with_lights */; };
		FC432F051A5655C000A39908 /* red_light.png in Resources */ = {isa = PBXBuildFile; fileRef = FC432F031A5655C000A39908 /* red_light.png */; };
		FC432F061A5655C000A39908 /* white_light.png in Resources */ = {isa = PBXBuildFile; fileRef = FC432F041A5655C000A39908 /* white_light.png */; };
		FC89034E1A4633FF007715E7 /* main.m in Sources */ = {isa = PBXBuildFile; fileRef = FC89034D1A4633FF007715E7 /* main.m */; };
		FC8903511A4633FF007715E7 /* AppDelegate.m in Sources */ = {isa = PBXBuildFile; fileRef = FC8903501A4633FF007715E7 /* AppDelegate.m */; };
		FC8903541A4633FF007715E7 /* RootViewController.m in Sources */ = {isa = PBXBuildFile; fileRef = FC8903531A4633FF007715E7 /* RootViewController.m */; };
		FC8903571A4633FF007715E7 /* ThemeViewController.m in Sources */ = {isa = PBXBuildFile; fileRef = FC8903561A4633FF007715E7 /* ThemeViewController.m */; };
		FC89035A1A4633FF007715E7 /* ThemeModelController.m in Sources */ = {isa = PBXBuildFile; fileRef = FC8903591A4633FF007715E7 /* ThemeModelController.m */; };
		FC89035D1A4633FF007715E7 /* Main.storyboard in Resources */ = {isa = PBXBuildFile; fileRef = FC89035B1A4633FF007715E7 /* Main.storyboard */; };
		FC89035F1A4633FF007715E7 /* Images.xcassets in Resources */ = {isa = PBXBuildFile; fileRef = FC89035E1A4633FF007715E7 /* Images.xcassets */; };
		FC8903621A4633FF007715E7 /* LaunchScreen.xib in Resources */ = {isa = PBXBuildFile; fileRef = FC8903601A4633FF007715E7 /* LaunchScreen.xib */; };
		FC89036E1A4633FF007715E7 /* iMonkeyTests.m in Sources */ = {isa = PBXBuildFile; fileRef = FC89036D1A4633FF007715E7 /* iMonkeyTests.m */; };
		FC8903781A4636C7007715E7 /* AudioToolbox.framework in Frameworks */ = {isa = PBXBuildFile; fileRef = FC8903771A4636C7007715E7 /* AudioToolbox.framework */; };
		FC89037A1A4636D3007715E7 /* CFNetwork.framework in Frameworks */ = {isa = PBXBuildFile; fileRef = FC8903791A4636D3007715E7 /* CFNetwork.framework */; };
		FC89037C1A4636DD007715E7 /* CoreGraphics.framework in Frameworks */ = {isa = PBXBuildFile; fileRef = FC89037B1A4636DD007715E7 /* CoreGraphics.framework */; };
		FC89037E1A4636E7007715E7 /* CoreLocation.framework in Frameworks */ = {isa = PBXBuildFile; fileRef = FC89037D1A4636E7007715E7 /* CoreLocation.framework */; };
		FC8903801A4636F0007715E7 /* MobileCoreServices.framework in Frameworks */ = {isa = PBXBuildFile; fileRef = FC89037F1A4636F0007715E7 /* MobileCoreServices.framework */; };
		FC8903821A4636FB007715E7 /* QuartzCore.framework in Frameworks */ = {isa = PBXBuildFile; fileRef = FC8903811A4636FB007715E7 /* QuartzCore.framework */; };
		FC8903841A463704007715E7 /* Security.framework in Frameworks */ = {isa = PBXBuildFile; fileRef = FC8903831A463704007715E7 /* Security.framework */; };
		FC8903861A46370C007715E7 /* StoreKit.framework in Frameworks */ = {isa = PBXBuildFile; fileRef = FC8903851A46370C007715E7 /* StoreKit.framework */; };
		FC8903881A463716007715E7 /* SystemConfiguration.framework in Frameworks */ = {isa = PBXBuildFile; fileRef = FC8903871A463716007715E7 /* SystemConfiguration.framework */; };
		FC89038A1A46371D007715E7 /* libz.dylib in Frameworks */ = {isa = PBXBuildFile; fileRef = FC8903891A46371D007715E7 /* libz.dylib */; };
		FC89038C1A463725007715E7 /* libsqlite3.dylib in Frameworks */ = {isa = PBXBuildFile; fileRef = FC89038B1A463725007715E7 /* libsqlite3.dylib */; };
		FC8903921A463771007715E7 /* Bolts.framework in Frameworks */ = {isa = PBXBuildFile; fileRef = FC89038D1A463771007715E7 /* Bolts.framework */; };
		FC8903931A463771007715E7 /* Parse.framework in Frameworks */ = {isa = PBXBuildFile; fileRef = FC89038E1A463771007715E7 /* Parse.framework */; };
		FC8903941A463771007715E7 /* ParseCrashReporting.framework in Frameworks */ = {isa = PBXBuildFile; fileRef = FC89038F1A463771007715E7 /* ParseCrashReporting.framework */; };
		FC8903951A463771007715E7 /* ParseFacebookUtils.framework in Frameworks */ = {isa = PBXBuildFile; fileRef = FC8903901A463771007715E7 /* ParseFacebookUtils.framework */; };
		FC8903961A463771007715E7 /* ParseUI.framework in Frameworks */ = {isa = PBXBuildFile; fileRef = FC8903911A463771007715E7 /* ParseUI.framework */; };
		FC8903991A4644A2007715E7 /* LEDCodeView.m in Sources */ = {isa = PBXBuildFile; fileRef = FC8903981A4644A2007715E7 /* LEDCodeView.m */; };
/* End PBXBuildFile section */

/* Begin PBXContainerItemProxy section */
		FC8903681A4633FF007715E7 /* PBXContainerItemProxy */ = {
			isa = PBXContainerItemProxy;
			containerPortal = FC8903401A4633FF007715E7 /* Project object */;
			proxyType = 1;
			remoteGlobalIDString = FC8903471A4633FF007715E7;
			remoteInfo = iMonkey;
		};
/* End PBXContainerItemProxy section */

/* Begin PBXFileReference section */
		FC2678861A58AEE5000A7938 /* DeviceView.h */ = {isa = PBXFileReference; fileEncoding = 4; lastKnownFileType = sourcecode.c.h; path = DeviceView.h; sourceTree = "<group>"; };
		FC2678871A58AEE5000A7938 /* DeviceView.m */ = {isa = PBXFileReference; fileEncoding = 4; lastKnownFileType = sourcecode.c.objc; path = DeviceView.m; sourceTree = "<group>"; };
		FC432EFB1A5654AF00A39908 /* m232_hardware */ = {isa = PBXFileReference; lastKnownFileType = file; path = m232_hardware; sourceTree = "<group>"; };
		FC432F011A5654FD00A39908 /* m232_hardware_with_lights */ = {isa = PBXFileReference; lastKnownFileType = file; path = m232_hardware_with_lights; sourceTree = "<group>"; };
		FC432F031A5655C000A39908 /* red_light.png */ = {isa = PBXFileReference; lastKnownFileType = image.png; path = red_light.png; sourceTree = "<group>"; };
		FC432F041A5655C000A39908 /* white_light.png */ = {isa = PBXFileReference; lastKnownFileType = image.png; path = white_light.png; sourceTree = "<group>"; };
		FC8903481A4633FF007715E7 /* iMonkey.app */ = {isa = PBXFileReference; explicitFileType = wrapper.application; includeInIndex = 0; path = iMonkey.app; sourceTree = BUILT_PRODUCTS_DIR; };
		FC89034C1A4633FF007715E7 /* Info.plist */ = {isa = PBXFileReference; lastKnownFileType = text.plist.xml; path = Info.plist; sourceTree = "<group>"; };
		FC89034D1A4633FF007715E7 /* main.m */ = {isa = PBXFileReference; lastKnownFileType = sourcecode.c.objc; path = main.m; sourceTree = "<group>"; };
		FC89034F1A4633FF007715E7 /* AppDelegate.h */ = {isa = PBXFileReference; lastKnownFileType = sourcecode.c.h; path = AppDelegate.h; sourceTree = "<group>"; };
		FC8903501A4633FF007715E7 /* AppDelegate.m */ = {isa = PBXFileReference; lastKnownFileType = sourcecode.c.objc; path = AppDelegate.m; sourceTree = "<group>"; };
		FC8903521A4633FF007715E7 /* RootViewController.h */ = {isa = PBXFileReference; lastKnownFileType = sourcecode.c.h; path = RootViewController.h; sourceTree = "<group>"; };
		FC8903531A4633FF007715E7 /* RootViewController.m */ = {isa = PBXFileReference; lastKnownFileType = sourcecode.c.objc; path = RootViewController.m; sourceTree = "<group>"; };
		FC8903551A4633FF007715E7 /* ThemeViewController.h */ = {isa = PBXFileReference; lastKnownFileType = sourcecode.c.h; path = ThemeViewController.h; sourceTree = "<group>"; };
		FC8903561A4633FF007715E7 /* ThemeViewController.m */ = {isa = PBXFileReference; lastKnownFileType = sourcecode.c.objc; path = ThemeViewController.m; sourceTree = "<group>"; };
		FC8903581A4633FF007715E7 /* ThemeModelController.h */ = {isa = PBXFileReference; lastKnownFileType = sourcecode.c.h; path = ThemeModelController.h; sourceTree = "<group>"; };
		FC8903591A4633FF007715E7 /* ThemeModelController.m */ = {isa = PBXFileReference; lastKnownFileType = sourcecode.c.objc; path = ThemeModelController.m; sourceTree = "<group>"; };
		FC89035C1A4633FF007715E7 /* Base */ = {isa = PBXFileReference; lastKnownFileType = file.storyboard; name = Base; path = Base.lproj/Main.storyboard; sourceTree = "<group>"; };
		FC89035E1A4633FF007715E7 /* Images.xcassets */ = {isa = PBXFileReference; lastKnownFileType = folder.assetcatalog; path = Images.xcassets; sourceTree = "<group>"; };
		FC8903611A4633FF007715E7 /* Base */ = {isa = PBXFileReference; lastKnownFileType = file.xib; name = Base; path = Base.lproj/LaunchScreen.xib; sourceTree = "<group>"; };
		FC8903671A4633FF007715E7 /* iMonkeyTests.xctest */ = {isa = PBXFileReference; explicitFileType = wrapper.cfbundle; includeInIndex = 0; path = iMonkeyTests.xctest; sourceTree = BUILT_PRODUCTS_DIR; };
		FC89036C1A4633FF007715E7 /* Info.plist */ = {isa = PBXFileReference; lastKnownFileType = text.plist.xml; path = Info.plist; sourceTree = "<group>"; };
		FC89036D1A4633FF007715E7 /* iMonkeyTests.m */ = {isa = PBXFileReference; lastKnownFileType = sourcecode.c.objc; path = iMonkeyTests.m; sourceTree = "<group>"; };
		FC8903771A4636C7007715E7 /* AudioToolbox.framework */ = {isa = PBXFileReference; lastKnownFileType = wrapper.framework; name = AudioToolbox.framework; path = System/Library/Frameworks/AudioToolbox.framework; sourceTree = SDKROOT; };
		FC8903791A4636D3007715E7 /* CFNetwork.framework */ = {isa = PBXFileReference; lastKnownFileType = wrapper.framework; name = CFNetwork.framework; path = System/Library/Frameworks/CFNetwork.framework; sourceTree = SDKROOT; };
		FC89037B1A4636DD007715E7 /* CoreGraphics.framework */ = {isa = PBXFileReference; lastKnownFileType = wrapper.framework; name = CoreGraphics.framework; path = System/Library/Frameworks/CoreGraphics.framework; sourceTree = SDKROOT; };
		FC89037D1A4636E7007715E7 /* CoreLocation.framework */ = {isa = PBXFileReference; lastKnownFileType = wrapper.framework; name = CoreLocation.framework; path = System/Library/Frameworks/CoreLocation.framework; sourceTree = SDKROOT; };
		FC89037F1A4636F0007715E7 /* MobileCoreServices.framework */ = {isa = PBXFileReference; lastKnownFileType = wrapper.framework; name = MobileCoreServices.framework; path = System/Library/Frameworks/MobileCoreServices.framework; sourceTree = SDKROOT; };
		FC8903811A4636FB007715E7 /* QuartzCore.framework */ = {isa = PBXFileReference; lastKnownFileType = wrapper.framework; name = QuartzCore.framework; path = System/Library/Frameworks/QuartzCore.framework; sourceTree = SDKROOT; };
		FC8903831A463704007715E7 /* Security.framework */ = {isa = PBXFileReference; lastKnownFileType = wrapper.framework; name = Security.framework; path = System/Library/Frameworks/Security.framework; sourceTree = SDKROOT; };
		FC8903851A46370C007715E7 /* StoreKit.framework */ = {isa = PBXFileReference; lastKnownFileType = wrapper.framework; name = StoreKit.framework; path = System/Library/Frameworks/StoreKit.framework; sourceTree = SDKROOT; };
		FC8903871A463716007715E7 /* SystemConfiguration.framework */ = {isa = PBXFileReference; lastKnownFileType = wrapper.framework; name = SystemConfiguration.framework; path = System/Library/Frameworks/SystemConfiguration.framework; sourceTree = SDKROOT; };
		FC8903891A46371D007715E7 /* libz.dylib */ = {isa = PBXFileReference; lastKnownFileType = "compiled.mach-o.dylib"; name = libz.dylib; path = usr/lib/libz.dylib; sourceTree = SDKROOT; };
		FC89038B1A463725007715E7 /* libsqlite3.dylib */ = {isa = PBXFileReference; lastKnownFileType = "compiled.mach-o.dylib"; name = libsqlite3.dylib; path = usr/lib/libsqlite3.dylib; sourceTree = SDKROOT; };
		FC89038D1A463771007715E7 /* Bolts.framework */ = {isa = PBXFileReference; lastKnownFileType = wrapper.framework; path = Bolts.framework; sourceTree = "<group>"; };
		FC89038E1A463771007715E7 /* Parse.framework */ = {isa = PBXFileReference; lastKnownFileType = wrapper.framework; path = Parse.framework; sourceTree = "<group>"; };
		FC89038F1A463771007715E7 /* ParseCrashReporting.framework */ = {isa = PBXFileReference; lastKnownFileType = wrapper.framework; path = ParseCrashReporting.framework; sourceTree = "<group>"; };
		FC8903901A463771007715E7 /* ParseFacebookUtils.framework */ = {isa = PBXFileReference; lastKnownFileType = wrapper.framework; path = ParseFacebookUtils.framework; sourceTree = "<group>"; };
		FC8903911A463771007715E7 /* ParseUI.framework */ = {isa = PBXFileReference; lastKnownFileType = wrapper.framework; path = ParseUI.framework; sourceTree = "<group>"; };
		FC8903971A4644A2007715E7 /* LEDCodeView.h */ = {isa = PBXFileReference; fileEncoding = 4; lastKnownFileType = sourcecode.c.h; path = LEDCodeView.h; sourceTree = "<group>"; };
		FC8903981A4644A2007715E7 /* LEDCodeView.m */ = {isa = PBXFileReference; fileEncoding = 4; lastKnownFileType = sourcecode.c.objc; path = LEDCodeView.m; sourceTree = "<group>"; };
/* End PBXFileReference section */

/* Begin PBXFrameworksBuildPhase section */
		FC8903451A4633FF007715E7 /* Frameworks */ = {
			isa = PBXFrameworksBuildPhase;
			buildActionMask = 2147483647;
			files = (
				FC89038C1A463725007715E7 /* libsqlite3.dylib in Frameworks */,
				FC89038A1A46371D007715E7 /* libz.dylib in Frameworks */,
				FC8903881A463716007715E7 /* SystemConfiguration.framework in Frameworks */,
				FC8903921A463771007715E7 /* Bolts.framework in Frameworks */,
				FC8903861A46370C007715E7 /* StoreKit.framework in Frameworks */,
				FC8903941A463771007715E7 /* ParseCrashReporting.framework in Frameworks */,
				FC8903961A463771007715E7 /* ParseUI.framework in Frameworks */,
				FC8903841A463704007715E7 /* Security.framework in Frameworks */,
				FC8903931A463771007715E7 /* Parse.framework in Frameworks */,
				FC8903951A463771007715E7 /* ParseFacebookUtils.framework in Frameworks */,
				FC8903821A4636FB007715E7 /* QuartzCore.framework in Frameworks */,
				FC8903801A4636F0007715E7 /* MobileCoreServices.framework in Frameworks */,
				FC89037E1A4636E7007715E7 /* CoreLocation.framework in Frameworks */,
				FC89037C1A4636DD007715E7 /* CoreGraphics.framework in Frameworks */,
				FC89037A1A4636D3007715E7 /* CFNetwork.framework in Frameworks */,
				FC8903781A4636C7007715E7 /* AudioToolbox.framework in Frameworks */,
			);
			runOnlyForDeploymentPostprocessing = 0;
		};
		FC8903641A4633FF007715E7 /* Frameworks */ = {
			isa = PBXFrameworksBuildPhase;
			buildActionMask = 2147483647;
			files = (
			);
			runOnlyForDeploymentPostprocessing = 0;
		};
/* End PBXFrameworksBuildPhase section */

/* Begin PBXGroup section */
		FC432EF61A564CC700A39908 /* Assets */ = {
			isa = PBXGroup;
			children = (
				FC432F031A5655C000A39908 /* red_light.png */,
				FC432F041A5655C000A39908 /* white_light.png */,
				FC432F011A5654FD00A39908 /* m232_hardware_with_lights */,
				FC432EFB1A5654AF00A39908 /* m232_hardware */,
			);
			name = Assets;
			sourceTree = "<group>";
		};
		FC89033F1A4633FF007715E7 = {
			isa = PBXGroup;
			children = (
				FC89038D1A463771007715E7 /* Bolts.framework */,
				FC89038E1A463771007715E7 /* Parse.framework */,
				FC89038F1A463771007715E7 /* ParseCrashReporting.framework */,
				FC8903901A463771007715E7 /* ParseFacebookUtils.framework */,
				FC8903911A463771007715E7 /* ParseUI.framework */,
				FC89038B1A463725007715E7 /* libsqlite3.dylib */,
				FC8903891A46371D007715E7 /* libz.dylib */,
				FC8903871A463716007715E7 /* SystemConfiguration.framework */,
				FC8903851A46370C007715E7 /* StoreKit.framework */,
				FC8903831A463704007715E7 /* Security.framework */,
				FC8903811A4636FB007715E7 /* QuartzCore.framework */,
				FC89037F1A4636F0007715E7 /* MobileCoreServices.framework */,
				FC89037D1A4636E7007715E7 /* CoreLocation.framework */,
				FC89037B1A4636DD007715E7 /* CoreGraphics.framework */,
				FC8903791A4636D3007715E7 /* CFNetwork.framework */,
				FC8903771A4636C7007715E7 /* AudioToolbox.framework */,
				FC89034A1A4633FF007715E7 /* iMonkey */,
				FC89036A1A4633FF007715E7 /* iMonkeyTests */,
				FC8903491A4633FF007715E7 /* Products */,
			);
			sourceTree = "<group>";
		};
		FC8903491A4633FF007715E7 /* Products */ = {
			isa = PBXGroup;
			children = (
				FC8903481A4633FF007715E7 /* iMonkey.app */,
				FC8903671A4633FF007715E7 /* iMonkeyTests.xctest */,
			);
			name = Products;
			sourceTree = "<group>";
		};
		FC89034A1A4633FF007715E7 /* iMonkey */ = {
			isa = PBXGroup;
			children = (
				FC432EF61A564CC700A39908 /* Assets */,
				FC8903971A4644A2007715E7 /* LEDCodeView.h */,
				FC8903981A4644A2007715E7 /* LEDCodeView.m */,
				FC89034F1A4633FF007715E7 /* AppDelegate.h */,
				FC8903501A4633FF007715E7 /* AppDelegate.m */,
				FC8903521A4633FF007715E7 /* RootViewController.h */,
				FC8903531A4633FF007715E7 /* RootViewController.m */,
				FC8903551A4633FF007715E7 /* ThemeViewController.h */,
				FC8903561A4633FF007715E7 /* ThemeViewController.m */,
				FC8903581A4633FF007715E7 /* ThemeModelController.h */,
				FC8903591A4633FF007715E7 /* ThemeModelController.m */,
				FC89035B1A4633FF007715E7 /* Main.storyboard */,
				FC89035E1A4633FF007715E7 /* Images.xcassets */,
				FC8903601A4633FF007715E7 /* LaunchScreen.xib */,
				FC89034B1A4633FF007715E7 /* Supporting Files */,
				FC2678861A58AEE5000A7938 /* DeviceView.h */,
				FC2678871A58AEE5000A7938 /* DeviceView.m */,
			);
			path = iMonkey;
			sourceTree = "<group>";
		};
		FC89034B1A4633FF007715E7 /* Supporting Files */ = {
			isa = PBXGroup;
			children = (
				FC89034C1A4633FF007715E7 /* Info.plist */,
				FC89034D1A4633FF007715E7 /* main.m */,
			);
			name = "Supporting Files";
			sourceTree = "<group>";
		};
		FC89036A1A4633FF007715E7 /* iMonkeyTests */ = {
			isa = PBXGroup;
			children = (
				FC89036D1A4633FF007715E7 /* iMonkeyTests.m */,
				FC89036B1A4633FF007715E7 /* Supporting Files */,
			);
			path = iMonkeyTests;
			sourceTree = "<group>";
		};
		FC89036B1A4633FF007715E7 /* Supporting Files */ = {
			isa = PBXGroup;
			children = (
				FC89036C1A4633FF007715E7 /* Info.plist */,
			);
			name = "Supporting Files";
			sourceTree = "<group>";
		};
/* End PBXGroup section */

/* Begin PBXNativeTarget section */
		FC8903471A4633FF007715E7 /* iMonkey */ = {
			isa = PBXNativeTarget;
			buildConfigurationList = FC8903711A4633FF007715E7 /* Build configuration list for PBXNativeTarget "iMonkey" */;
			buildPhases = (
				FC8903441A4633FF007715E7 /* Sources */,
				FC8903451A4633FF007715E7 /* Frameworks */,
				FC8903461A4633FF007715E7 /* Resources */,
			);
			buildRules = (
			);
			dependencies = (
			);
			name = iMonkey;
			productName = iMonkey;
			productReference = FC8903481A4633FF007715E7 /* iMonkey.app */;
			productType = "com.apple.product-type.application";
		};
		FC8903661A4633FF007715E7 /* iMonkeyTests */ = {
			isa = PBXNativeTarget;
			buildConfigurationList = FC8903741A4633FF007715E7 /* Build configuration list for PBXNativeTarget "iMonkeyTests" */;
			buildPhases = (
				FC8903631A4633FF007715E7 /* Sources */,
				FC8903641A4633FF007715E7 /* Frameworks */,
				FC8903651A4633FF007715E7 /* Resources */,
			);
			buildRules = (
			);
			dependencies = (
				FC8903691A4633FF007715E7 /* PBXTargetDependency */,
			);
			name = iMonkeyTests;
			productName = iMonkeyTests;
			productReference = FC8903671A4633FF007715E7 /* iMonkeyTests.xctest */;
			productType = "com.apple.product-type.bundle.unit-test";
		};
/* End PBXNativeTarget section */

/* Begin PBXProject section */
		FC8903401A4633FF007715E7 /* Project object */ = {
			isa = PBXProject;
			attributes = {
				LastUpgradeCheck = 0610;
				ORGANIZATIONNAME = Modeo;
				TargetAttributes = {
					FC8903471A4633FF007715E7 = {
						CreatedOnToolsVersion = 6.1.1;
					};
					FC8903661A4633FF007715E7 = {
						CreatedOnToolsVersion = 6.1.1;
						TestTargetID = FC8903471A4633FF007715E7;
					};
				};
			};
			buildConfigurationList = FC8903431A4633FF007715E7 /* Build configuration list for PBXProject "iMonkey" */;
			compatibilityVersion = "Xcode 3.2";
			developmentRegion = English;
			hasScannedForEncodings = 0;
			knownRegions = (
				en,
				Base,
			);
			mainGroup = FC89033F1A4633FF007715E7;
			productRefGroup = FC8903491A4633FF007715E7 /* Products */;
			projectDirPath = "";
			projectRoot = "";
			targets = (
				FC8903471A4633FF007715E7 /* iMonkey */,
				FC8903661A4633FF007715E7 /* iMonkeyTests */,
			);
		};
/* End PBXProject section */

/* Begin PBXResourcesBuildPhase section */
		FC8903461A4633FF007715E7 /* Resources */ = {
			isa = PBXResourcesBuildPhase;
			buildActionMask = 2147483647;
			files = (
				FC432F051A5655C000A39908 /* red_light.png in Resources */,
				FC89035D1A4633FF007715E7 /* Main.storyboard in Resources */,
				FC432F021A5654FD00A39908 /* m232_hardware_with_lights in Resources */,
				FC8903621A4633FF007715E7 /* LaunchScreen.xib in Resources */,
				FC432F061A5655C000A39908 /* white_light.png in Resources */,
				FC432EFE1A5654AF00A39908 /* m232_hardware in Resources */,
				FC89035F1A4633FF007715E7 /* Images.xcassets in Resources */,
			);
			runOnlyForDeploymentPostprocessing = 0;
		};
		FC8903651A4633FF007715E7 /* Resources */ = {
			isa = PBXResourcesBuildPhase;
			buildActionMask = 2147483647;
			files = (
			);
			runOnlyForDeploymentPostprocessing = 0;
		};
/* End PBXResourcesBuildPhase section */

/* Begin PBXSourcesBuildPhase section */
		FC8903441A4633FF007715E7 /* Sources */ = {
			isa = PBXSourcesBuildPhase;
			buildActionMask = 2147483647;
			files = (
				FC8903571A4633FF007715E7 /* ThemeViewController.m in Sources */,
				FC8903991A4644A2007715E7 /* LEDCodeView.m in Sources */,
				FC2678881A58AEE5000A7938 /* DeviceView.m in Sources */,
				FC8903511A4633FF007715E7 /* AppDelegate.m in Sources */,
				FC89035A1A4633FF007715E7 /* ThemeModelController.m in Sources */,
				FC89034E1A4633FF007715E7 /* main.m in Sources */,
				FC8903541A4633FF007715E7 /* RootViewController.m in Sources */,
			);
			runOnlyForDeploymentPostprocessing = 0;
		};
		FC8903631A4633FF007715E7 /* Sources */ = {
			isa = PBXSourcesBuildPhase;
			buildActionMask = 2147483647;
			files = (
				FC89036E1A4633FF007715E7 /* iMonkeyTests.m in Sources */,
			);
			runOnlyForDeploymentPostprocessing = 0;
		};
/* End PBXSourcesBuildPhase section */

/* Begin PBXTargetDependency section */
		FC8903691A4633FF007715E7 /* PBXTargetDependency */ = {
			isa = PBXTargetDependency;
			target = FC8903471A4633FF007715E7 /* iMonkey */;
			targetProxy = FC8903681A4633FF007715E7 /* PBXContainerItemProxy */;
		};
/* End PBXTargetDependency section */

/* Begin PBXVariantGroup section */
		FC89035B1A4633FF007715E7 /* Main.storyboard */ = {
			isa = PBXVariantGroup;
			children = (
				FC89035C1A4633FF007715E7 /* Base */,
			);
			name = Main.storyboard;
			sourceTree = "<group>";
		};
		FC8903601A4633FF007715E7 /* LaunchScreen.xib */ = {
			isa = PBXVariantGroup;
			children = (
				FC8903611A4633FF007715E7 /* Base */,
			);
			name = LaunchScreen.xib;
			sourceTree = "<group>";
		};
/* End PBXVariantGroup section */

/* Begin XCBuildConfiguration section */
		FC89036F1A4633FF007715E7 /* Debug */ = {
			isa = XCBuildConfiguration;
			buildSettings = {
				ALWAYS_SEARCH_USER_PATHS = NO;
				CLANG_CXX_LANGUAGE_STANDARD = "gnu++0x";
				CLANG_CXX_LIBRARY = "libc++";
				CLANG_ENABLE_MODULES = YES;
				CLANG_ENABLE_OBJC_ARC = YES;
				CLANG_WARN_BOOL_CONVERSION = YES;
				CLANG_WARN_CONSTANT_CONVERSION = YES;
				CLANG_WARN_DIRECT_OBJC_ISA_USAGE = YES_ERROR;
				CLANG_WARN_EMPTY_BODY = YES;
				CLANG_WARN_ENUM_CONVERSION = YES;
				CLANG_WARN_INT_CONVERSION = YES;
				CLANG_WARN_OBJC_ROOT_CLASS = YES_ERROR;
				CLANG_WARN_UNREACHABLE_CODE = YES;
				CLANG_WARN__DUPLICATE_METHOD_MATCH = YES;
				"CODE_SIGN_IDENTITY[sdk=iphoneos*]" = "iPhone Developer";
				COPY_PHASE_STRIP = NO;
				ENABLE_STRICT_OBJC_MSGSEND = YES;
				GCC_C_LANGUAGE_STANDARD = gnu99;
				GCC_DYNAMIC_NO_PIC = NO;
				GCC_OPTIMIZATION_LEVEL = 0;
				GCC_PREPROCESSOR_DEFINITIONS = (
					"DEBUG=1",
					"$(inherited)",
				);
				GCC_SYMBOLS_PRIVATE_EXTERN = NO;
				GCC_WARN_64_TO_32_BIT_CONVERSION = YES;
				GCC_WARN_ABOUT_RETURN_TYPE = YES_ERROR;
				GCC_WARN_UNDECLARED_SELECTOR = YES;
				GCC_WARN_UNINITIALIZED_AUTOS = YES_AGGRESSIVE;
				GCC_WARN_UNUSED_FUNCTION = YES;
				GCC_WARN_UNUSED_VARIABLE = YES;
				IPHONEOS_DEPLOYMENT_TARGET = 8.1;
				MTL_ENABLE_DEBUG_INFO = YES;
				ONLY_ACTIVE_ARCH = YES;
				SDKROOT = iphoneos;
			};
			name = Debug;
		};
		FC8903701A4633FF007715E7 /* Release */ = {
			isa = XCBuildConfiguration;
			buildSettings = {
				ALWAYS_SEARCH_USER_PATHS = NO;
				CLANG_CXX_LANGUAGE_STANDARD = "gnu++0x";
				CLANG_CXX_LIBRARY = "libc++";
				CLANG_ENABLE_MODULES = YES;
				CLANG_ENABLE_OBJC_ARC = YES;
				CLANG_WARN_BOOL_CONVERSION = YES;
				CLANG_WARN_CONSTANT_CONVERSION = YES;
				CLANG_WARN_DIRECT_OBJC_ISA_USAGE = YES_ERROR;
				CLANG_WARN_EMPTY_BODY = YES;
				CLANG_WARN_ENUM_CONVERSION = YES;
				CLANG_WARN_INT_CONVERSION = YES;
				CLANG_WARN_OBJC_ROOT_CLASS = YES_ERROR;
				CLANG_WARN_UNREACHABLE_CODE = YES;
				CLANG_WARN__DUPLICATE_METHOD_MATCH = YES;
				"CODE_SIGN_IDENTITY[sdk=iphoneos*]" = "iPhone Developer";
				COPY_PHASE_STRIP = YES;
				ENABLE_NS_ASSERTIONS = NO;
				ENABLE_STRICT_OBJC_MSGSEND = YES;
				GCC_C_LANGUAGE_STANDARD = gnu99;
				GCC_WARN_64_TO_32_BIT_CONVERSION = YES;
				GCC_WARN_ABOUT_RETURN_TYPE = YES_ERROR;
				GCC_WARN_UNDECLARED_SELECTOR = YES;
				GCC_WARN_UNINITIALIZED_AUTOS = YES_AGGRESSIVE;
				GCC_WARN_UNUSED_FUNCTION = YES;
				GCC_WARN_UNUSED_VARIABLE = YES;
				IPHONEOS_DEPLOYMENT_TARGET = 8.1;
				MTL_ENABLE_DEBUG_INFO = NO;
				SDKROOT = iphoneos;
				VALIDATE_PRODUCT = YES;
			};
			name = Release;
		};
		FC8903721A4633FF007715E7 /* Debug */ = {
			isa = XCBuildConfiguration;
			buildSettings = {
				ASSETCATALOG_COMPILER_APPICON_NAME = AppIcon;
				FRAMEWORK_SEARCH_PATHS = (
					"$(inherited)",
					"$(PROJECT_DIR)",
				);
				INFOPLIST_FILE = iMonkey/Info.plist;
				LD_RUNPATH_SEARCH_PATHS = "$(inherited) @executable_path/Frameworks";
				PRODUCT_NAME = "$(TARGET_NAME)";
			};
			name = Debug;
		};
		FC8903731A4633FF007715E7 /* Release */ = {
			isa = XCBuildConfiguration;
			buildSettings = {
				ASSETCATALOG_COMPILER_APPICON_NAME = AppIcon;
				FRAMEWORK_SEARCH_PATHS = (
					"$(inherited)",
					"$(PROJECT_DIR)",
				);
				INFOPLIST_FILE = iMonkey/Info.plist;
				LD_RUNPATH_SEARCH_PATHS = "$(inherited) @executable_path/Frameworks";
				PRODUCT_NAME = "$(TARGET_NAME)";
			};
			name = Release;
		};
		FC8903751A4633FF007715E7 /* Debug */ = {
			isa = XCBuildConfiguration;
			buildSettings = {
				BUNDLE_LOADER = "$(TEST_HOST)";
				FRAMEWORK_SEARCH_PATHS = (
					"$(SDKROOT)/Developer/Library/Frameworks",
					"$(inherited)",
				);
				GCC_PREPROCESSOR_DEFINITIONS = (
					"DEBUG=1",
					"$(inherited)",
				);
				INFOPLIST_FILE = iMonkeyTests/Info.plist;
				LD_RUNPATH_SEARCH_PATHS = "$(inherited) @executable_path/Frameworks @loader_path/Frameworks";
				PRODUCT_NAME = "$(TARGET_NAME)";
				TEST_HOST = "$(BUILT_PRODUCTS_DIR)/iMonkey.app/iMonkey";
			};
			name = Debug;
		};
		FC8903761A4633FF007715E7 /* Release */ = {
			isa = XCBuildConfiguration;
			buildSettings = {
				BUNDLE_LOADER = "$(TEST_HOST)";
				FRAMEWORK_SEARCH_PATHS = (
					"$(SDKROOT)/Developer/Library/Frameworks",
					"$(inherited)",
				);
				INFOPLIST_FILE = iMonkeyTests/Info.plist;
				LD_RUNPATH_SEARCH_PATHS = "$(inherited) @executable_path/Frameworks @loader_path/Frameworks";
				PRODUCT_NAME = "$(TARGET_NAME)";
				TEST_HOST = "$(BUILT_PRODUCTS_DIR)/iMonkey.app/iMonkey";
			};
			name = Release;
		};
/* End XCBuildConfiguration section */

/* Begin XCConfigurationList section */
		FC8903431A4633FF007715E7 /* Build configuration list for PBXProject "iMonkey" */ = {
			isa = XCConfigurationList;
			buildConfigurations = (
				FC89036F1A4633FF007715E7 /* Debug */,
				FC8903701A4633FF007715E7 /* Release */,
			);
			defaultConfigurationIsVisible = 0;
			defaultConfigurationName = Release;
		};
		FC8903711A4633FF007715E7 /* Build configuration list for PBXNativeTarget "iMonkey" */ = {
			isa = XCConfigurationList;
			buildConfigurations = (
				FC8903721A4633FF007715E7 /* Debug */,
				FC8903731A4633FF007715E7 /* Release */,
			);
			defaultConfigurationIsVisible = 0;
			defaultConfigurationName = Release;
		};
		FC8903741A4633FF007715E7 /* Build configuration list for PBXNativeTarget "iMonkeyTests" */ = {
			isa = XCConfigurationList;
			buildConfigurations = (
				FC8903751A4633FF007715E7 /* Debug */,
				FC8903761A4633FF007715E7 /* Release */,
			);
			defaultConfigurationIsVisible = 0;
			defaultConfigurationName = Release;
		};
/* End XCConfigurationList section */
	};
	rootObject = FC8903401A4633FF007715E7 /* Project object */;
}
